
Microsoft Visual Studio Solution File, Format Version 12.00
# Visual Studio Version 17
VisualStudioVersion = 17.13.35825.156 d17.13
MinimumVisualStudioVersion = 10.0.40219.1
Project("{FAE04EC0-301F-11D3-BF4B-00C04F79EFBC}") = "GeneralServicesConsole", "GeneralServicesConsole\GeneralServicesConsole.csproj", "{9225FE00-668C-414F-ACD9-819DB6967BA5}"
EndProject
Project("{FAE04EC0-301F-11D3-BF4B-00C04F79EFBC}") = "GeneralServices", "GeneralServices\GeneralServices.csproj", "{438D72BD-6B5D-BB8F-C218-1FBEF47A3A37}"
EndProject
Global
	GlobalSection(SolutionConfigurationPlatforms) = preSolution
		Debug|Any CPU = Debug|Any CPU
		Release|Any CPU = Release|Any CPU
	EndGlobalSection
	GlobalSection(ProjectConfigurationPlatforms) = postSolution
		{9225FE00-668C-414F-ACD9-819DB6967BA5}.Debug|Any CPU.ActiveCfg = Debug|Any CPU
		{9225FE00-668C-414F-ACD9-819DB6967BA5}.Debug|Any CPU.Build.0 = Debug|Any CPU
		{9225FE00-668C-414F-ACD9-819DB6967BA5}.Release|Any CPU.ActiveCfg = Release|Any CPU
		{9225FE00-668C-414F-ACD9-819DB6967BA5}.Release|Any CPU.Build.0 = Release|Any CPU
		{438D72BD-6B5D-BB8F-C218-1FBEF47A3A37}.Debug|Any CPU.ActiveCfg = Debug|Any CPU
		{438D72BD-6B5D-BB8F-C218-1FBEF47A3A37}.Debug|Any CPU.Build.0 = Debug|Any CPU
		{438D72BD-6B5D-BB8F-C218-1FBEF47A3A37}.Release|Any CPU.ActiveCfg = Release|Any CPU
		{438D72BD-6B5D-BB8F-C218-1FBEF47A3A37}.Release|Any CPU.Build.0 = Release|Any CPU
	EndGlobalSection
	GlobalSection(SolutionProperties) = preSolution
		HideSolutionNode = FALSE
	EndGlobalSection
	GlobalSection(ExtensibilityGlobals) = postSolution
		SolutionGuid = {A3C8A78D-7927-4E76-A5D3-0C62C2C2DA83}
	EndGlobalSection
EndGlobal
